
Microsoft Visual Studio Solution File, Format Version 12.00
# Visual Studio Version 17
VisualStudioVersion = 17.7.34202.233
MinimumVisualStudioVersion = 10.0.40219.1
Project("{FAE04EC0-301F-11D3-BF4B-00C04F79EFBC}") = "34", "34\34.csproj", "{BAEA1AF6-5F64-415D-AF0D-777B922726A1}"
EndProject
Global
	GlobalSection(SolutionConfigurationPlatforms) = preSolution
		Debug|Any CPU = Debug|Any CPU
		Release|Any CPU = Release|Any CPU
	EndGlobalSection
	GlobalSection(ProjectConfigurationPlatforms) = postSolution
		{BAEA1AF6-5F64-415D-AF0D-777B922726A1}.Debug|Any CPU.ActiveCfg = Debug|Any CPU
		{BAEA1AF6-5F64-415D-AF0D-777B922726A1}.Debug|Any CPU.Build.0 = Debug|Any CPU
		{BAEA1AF6-5F64-415D-AF0D-777B922726A1}.Release|Any CPU.ActiveCfg = Release|Any CPU
		{BAEA1AF6-5F64-415D-AF0D-777B922726A1}.Release|Any CPU.Build.0 = Release|Any CPU
	EndGlobalSection
	GlobalSection(SolutionProperties) = preSolution
		HideSolutionNode = FALSE
	EndGlobalSection
	GlobalSection(ExtensibilityGlobals) = postSolution
		SolutionGuid = {8CC8C53E-2A4C-4E8E-8A1F-1F0E1E83424D}
	EndGlobalSection
EndGlobal
